
Microsoft Visual Studio Solution File, Format Version 12.00
# Visual Studio Version 16
VisualStudioVersion = 16.0.30104.148
MinimumVisualStudioVersion = 10.0.40219.1
Project("{2150E333-8FDC-42A3-9474-1A3956D46DE8}") = "Solution Items", "Solution Items", "{FB347596-C203-497C-9FB9-5C82828348E9}"
	ProjectSection(SolutionItems) = preProject
		LICENSE = LICENSE
		README.md = README.md
		WebhooksDb.sql = WebhooksDb.sql
	EndProjectSection
EndProject
Project("{9A19103F-16F7-4668-BE54-9A1E7A4F7556}") = "Hyprsoft.Webhooks.Core", "Hyprsoft.Webhooks.Core\Hyprsoft.Webhooks.Core.csproj", "{2489169D-204C-459C-9ADB-0CD0037AA09B}"
EndProject
Project("{9A19103F-16F7-4668-BE54-9A1E7A4F7556}") = "Hyprsoft.Webhooks.AspNetCore", "Hyprsoft.Webhooks.AspNetCore\Hyprsoft.Webhooks.AspNetCore.csproj", "{EB6C7B51-F0EA-4150-B927-6F61D235AF54}"
EndProject
Project("{9A19103F-16F7-4668-BE54-9A1E7A4F7556}") = "Hyprsoft.Webhooks.Core.Hangfire", "Hyprsoft.Webhooks.Core.Hangfire\Hyprsoft.Webhooks.Core.Hangfire.csproj", "{AFC8A030-EC2B-4C21-8348-B6471B60A316}"
EndProject
Project("{9A19103F-16F7-4668-BE54-9A1E7A4F7556}") = "Hyprsoft.Webhooks.Server.Web", "Hyprsoft.Webhooks.Server.Web\Hyprsoft.Webhooks.Server.Web.csproj", "{57000514-CD1B-4D07-8FC0-6F68730F1971}"
EndProject
Project("{9A19103F-16F7-4668-BE54-9A1E7A4F7556}") = "Hyprsoft.Webhooks.Client.Web", "Hyprsoft.Webhooks.Client.Web\Hyprsoft.Webhooks.Client.Web.csproj", "{28A3CF5E-9A43-4013-96EE-54D2E4CC90B5}"
EndProject
Project("{FAE04EC0-301F-11D3-BF4B-00C04F79EFBC}") = "Hyprsoft.Webhooks.Tests", "Hyprsoft.Webhooks.Tests\Hyprsoft.Webhooks.Tests.csproj", "{054A0B37-8509-41AE-A614-EBAC082A9CCE}"
EndProject
Global
	GlobalSection(SolutionConfigurationPlatforms) = preSolution
		Debug|Any CPU = Debug|Any CPU
		Release|Any CPU = Release|Any CPU
	EndGlobalSection
	GlobalSection(ProjectConfigurationPlatforms) = postSolution
		{2489169D-204C-459C-9ADB-0CD0037AA09B}.Debug|Any CPU.ActiveCfg = Debug|Any CPU
		{2489169D-204C-459C-9ADB-0CD0037AA09B}.Debug|Any CPU.Build.0 = Debug|Any CPU
		{2489169D-204C-459C-9ADB-0CD0037AA09B}.Release|Any CPU.ActiveCfg = Release|Any CPU
		{2489169D-204C-459C-9ADB-0CD0037AA09B}.Release|Any CPU.Build.0 = Release|Any CPU
		{EB6C7B51-F0EA-4150-B927-6F61D235AF54}.Debug|Any CPU.ActiveCfg = Debug|Any CPU
		{EB6C7B51-F0EA-4150-B927-6F61D235AF54}.Debug|Any CPU.Build.0 = Debug|Any CPU
		{EB6C7B51-F0EA-4150-B927-6F61D235AF54}.Release|Any CPU.ActiveCfg = Release|Any CPU
		{EB6C7B51-F0EA-4150-B927-6F61D235AF54}.Release|Any CPU.Build.0 = Release|Any CPU
		{AFC8A030-EC2B-4C21-8348-B6471B60A316}.Debug|Any CPU.ActiveCfg = Debug|Any CPU
		{AFC8A030-EC2B-4C21-8348-B6471B60A316}.Debug|Any CPU.Build.0 = Debug|Any CPU
		{AFC8A030-EC2B-4C21-8348-B6471B60A316}.Release|Any CPU.ActiveCfg = Release|Any CPU
		{AFC8A030-EC2B-4C21-8348-B6471B60A316}.Release|Any CPU.Build.0 = Release|Any CPU
		{57000514-CD1B-4D07-8FC0-6F68730F1971}.Debug|Any CPU.ActiveCfg = Debug|Any CPU
		{57000514-CD1B-4D07-8FC0-6F68730F1971}.Debug|Any CPU.Build.0 = Debug|Any CPU
		{57000514-CD1B-4D07-8FC0-6F68730F1971}.Release|Any CPU.ActiveCfg = Release|Any CPU
		{57000514-CD1B-4D07-8FC0-6F68730F1971}.Release|Any CPU.Build.0 = Release|Any CPU
		{28A3CF5E-9A43-4013-96EE-54D2E4CC90B5}.Debug|Any CPU.ActiveCfg = Debug|Any CPU
		{28A3CF5E-9A43-4013-96EE-54D2E4CC90B5}.Debug|Any CPU.Build.0 = Debug|Any CPU
		{28A3CF5E-9A43-4013-96EE-54D2E4CC90B5}.Release|Any CPU.ActiveCfg = Release|Any CPU
		{28A3CF5E-9A43-4013-96EE-54D2E4CC90B5}.Release|Any CPU.Build.0 = Release|Any CPU
		{054A0B37-8509-41AE-A614-EBAC082A9CCE}.Debug|Any CPU.ActiveCfg = Debug|Any CPU
		{054A0B37-8509-41AE-A614-EBAC082A9CCE}.Debug|Any CPU.Build.0 = Debug|Any CPU
		{054A0B37-8509-41AE-A614-EBAC082A9CCE}.Release|Any CPU.ActiveCfg = Release|Any CPU
		{054A0B37-8509-41AE-A614-EBAC082A9CCE}.Release|Any CPU.Build.0 = Release|Any CPU
	EndGlobalSection
	GlobalSection(SolutionProperties) = preSolution
		HideSolutionNode = FALSE
	EndGlobalSection
	GlobalSection(ExtensibilityGlobals) = postSolution
		SolutionGuid = {94F1D01B-4EF0-4338-92CF-4CC560EC13C7}
	EndGlobalSection
EndGlobal
