
Microsoft Visual Studio Solution File, Format Version 12.00
# Visual Studio Version 17
VisualStudioVersion = 17.7.34031.279
MinimumVisualStudioVersion = 10.0.40219.1
Project("{2150E333-8FDC-42A3-9474-1A3956D46DE8}") = "Solution Items", "Solution Items", "{FB347596-C203-497C-9FB9-5C82828348E9}"
	ProjectSection(SolutionItems) = preProject
		deploy-nugets.cmd = deploy-nugets.cmd
		LICENSE = LICENSE
		NuGet.Config = NuGet.Config
		README.md = README.md
		WebhooksDb.sql = WebhooksDb.sql
	EndProjectSection
EndProject
Project("{9A19103F-16F7-4668-BE54-9A1E7A4F7556}") = "Hyprsoft.Webhooks.Core", "Hyprsoft.Webhooks.Core\Hyprsoft.Webhooks.Core.csproj", "{2489169D-204C-459C-9ADB-0CD0037AA09B}"
EndProject
Project("{9A19103F-16F7-4668-BE54-9A1E7A4F7556}") = "Hyprsoft.Webhooks.Server.Web", "Hyprsoft.Webhooks.Server.Web\Hyprsoft.Webhooks.Server.Web.csproj", "{57000514-CD1B-4D07-8FC0-6F68730F1971}"
EndProject
Project("{9A19103F-16F7-4668-BE54-9A1E7A4F7556}") = "Hyprsoft.Webhooks.Client.Web", "Hyprsoft.Webhooks.Client.Web\Hyprsoft.Webhooks.Client.Web.csproj", "{28A3CF5E-9A43-4013-96EE-54D2E4CC90B5}"
EndProject
Project("{9A19103F-16F7-4668-BE54-9A1E7A4F7556}") = "Hyprsoft.Webhooks.Tests", "Hyprsoft.Webhooks.Tests\Hyprsoft.Webhooks.Tests.csproj", "{054A0B37-8509-41AE-A614-EBAC082A9CCE}"
EndProject
Project("{9A19103F-16F7-4668-BE54-9A1E7A4F7556}") = "Hyprsoft.Webhooks.Client", "Hyprsoft.Webhooks.Client\Hyprsoft.Webhooks.Client.csproj", "{9AC71F43-3580-482D-A57B-D2FA7A755FF5}"
EndProject
Project("{9A19103F-16F7-4668-BE54-9A1E7A4F7556}") = "Hyprsoft.Webhooks.Server", "Hyprsoft.Webhooks.Server\Hyprsoft.Webhooks.Server.csproj", "{2CB167DD-1C2D-4640-B76C-56FD1B7EE5EF}"
EndProject
Project("{54A90642-561A-4BB1-A94E-469ADEE60C69}") = "Hyprsoft.Webhooks.Server.Spa", "Hyprsoft.Webhooks.Server.Spa\Hyprsoft.Webhooks.Server.Spa.esproj", "{AA800D12-A49D-41D8-BD1A-7B43CB92217F}"
EndProject
Project("{FAE04EC0-301F-11D3-BF4B-00C04F79EFBC}") = "Hyprsoft.Webhooks.Events", "Hyprsoft.Webhooks.Events\Hyprsoft.Webhooks.Events.csproj", "{D6A94C1F-36FA-4689-84A8-6ECF32B37F74}"
EndProject
Global
	GlobalSection(SolutionConfigurationPlatforms) = preSolution
		Debug|Any CPU = Debug|Any CPU
		Release|Any CPU = Release|Any CPU
	EndGlobalSection
	GlobalSection(ProjectConfigurationPlatforms) = postSolution
		{2489169D-204C-459C-9ADB-0CD0037AA09B}.Debug|Any CPU.ActiveCfg = Debug|Any CPU
		{2489169D-204C-459C-9ADB-0CD0037AA09B}.Debug|Any CPU.Build.0 = Debug|Any CPU
		{2489169D-204C-459C-9ADB-0CD0037AA09B}.Release|Any CPU.ActiveCfg = Release|Any CPU
		{2489169D-204C-459C-9ADB-0CD0037AA09B}.Release|Any CPU.Build.0 = Release|Any CPU
		{57000514-CD1B-4D07-8FC0-6F68730F1971}.Debug|Any CPU.ActiveCfg = Debug|Any CPU
		{57000514-CD1B-4D07-8FC0-6F68730F1971}.Debug|Any CPU.Build.0 = Debug|Any CPU
		{57000514-CD1B-4D07-8FC0-6F68730F1971}.Release|Any CPU.ActiveCfg = Release|Any CPU
		{57000514-CD1B-4D07-8FC0-6F68730F1971}.Release|Any CPU.Build.0 = Release|Any CPU
		{28A3CF5E-9A43-4013-96EE-54D2E4CC90B5}.Debug|Any CPU.ActiveCfg = Debug|Any CPU
		{28A3CF5E-9A43-4013-96EE-54D2E4CC90B5}.Debug|Any CPU.Build.0 = Debug|Any CPU
		{28A3CF5E-9A43-4013-96EE-54D2E4CC90B5}.Release|Any CPU.ActiveCfg = Release|Any CPU
		{28A3CF5E-9A43-4013-96EE-54D2E4CC90B5}.Release|Any CPU.Build.0 = Release|Any CPU
		{054A0B37-8509-41AE-A614-EBAC082A9CCE}.Debug|Any CPU.ActiveCfg = Debug|Any CPU
		{054A0B37-8509-41AE-A614-EBAC082A9CCE}.Debug|Any CPU.Build.0 = Debug|Any CPU
		{054A0B37-8509-41AE-A614-EBAC082A9CCE}.Release|Any CPU.ActiveCfg = Release|Any CPU
		{054A0B37-8509-41AE-A614-EBAC082A9CCE}.Release|Any CPU.Build.0 = Release|Any CPU
		{9AC71F43-3580-482D-A57B-D2FA7A755FF5}.Debug|Any CPU.ActiveCfg = Debug|Any CPU
		{9AC71F43-3580-482D-A57B-D2FA7A755FF5}.Debug|Any CPU.Build.0 = Debug|Any CPU
		{9AC71F43-3580-482D-A57B-D2FA7A755FF5}.Release|Any CPU.ActiveCfg = Release|Any CPU
		{9AC71F43-3580-482D-A57B-D2FA7A755FF5}.Release|Any CPU.Build.0 = Release|Any CPU
		{2CB167DD-1C2D-4640-B76C-56FD1B7EE5EF}.Debug|Any CPU.ActiveCfg = Debug|Any CPU
		{2CB167DD-1C2D-4640-B76C-56FD1B7EE5EF}.Debug|Any CPU.Build.0 = Debug|Any CPU
		{2CB167DD-1C2D-4640-B76C-56FD1B7EE5EF}.Release|Any CPU.ActiveCfg = Release|Any CPU
		{2CB167DD-1C2D-4640-B76C-56FD1B7EE5EF}.Release|Any CPU.Build.0 = Release|Any CPU
		{AA800D12-A49D-41D8-BD1A-7B43CB92217F}.Debug|Any CPU.ActiveCfg = Debug|Any CPU
		{AA800D12-A49D-41D8-BD1A-7B43CB92217F}.Debug|Any CPU.Build.0 = Debug|Any CPU
		{AA800D12-A49D-41D8-BD1A-7B43CB92217F}.Debug|Any CPU.Deploy.0 = Debug|Any CPU
		{AA800D12-A49D-41D8-BD1A-7B43CB92217F}.Release|Any CPU.ActiveCfg = Release|Any CPU
		{AA800D12-A49D-41D8-BD1A-7B43CB92217F}.Release|Any CPU.Build.0 = Release|Any CPU
		{AA800D12-A49D-41D8-BD1A-7B43CB92217F}.Release|Any CPU.Deploy.0 = Release|Any CPU
		{D6A94C1F-36FA-4689-84A8-6ECF32B37F74}.Debug|Any CPU.ActiveCfg = Debug|Any CPU
		{D6A94C1F-36FA-4689-84A8-6ECF32B37F74}.Debug|Any CPU.Build.0 = Debug|Any CPU
		{D6A94C1F-36FA-4689-84A8-6ECF32B37F74}.Release|Any CPU.ActiveCfg = Release|Any CPU
		{D6A94C1F-36FA-4689-84A8-6ECF32B37F74}.Release|Any CPU.Build.0 = Release|Any CPU
	EndGlobalSection
	GlobalSection(SolutionProperties) = preSolution
		HideSolutionNode = FALSE
	EndGlobalSection
	GlobalSection(ExtensibilityGlobals) = postSolution
		SolutionGuid = {94F1D01B-4EF0-4338-92CF-4CC560EC13C7}
	EndGlobalSection
EndGlobal
